github.com/ebitengine/purego v0.10.1 h1:dewVBCBT2GaMu1SrNTYxQhgQBethzfhiwvZiLGP/qyY=
github.com/ebitengine/purego v0.10.1/go.mod h1:iIjxzd6CiRiOG0UyXP+V1+jWqUXVjPKLAI0mRfJZTmQ=
github.com/godicom-dev/godicom v0.30.0 h1:0BOr/sapTZnYBxkqGMaq5D2O5GjH/vnXRKRrZSTo33U=
github.com/godicom-dev/godicom v0.30.0/go.mod h1:VyMCPoz1P4KcL1RN2Q1fAKQJI8cLFEB6t/sqipB2F0I=
github.com/godicom-dev/golibjpeg v1.3.0 h1:FXuwjJFi/4x4XOJ2R9G9pXjZzygvAfzRNNJnBNSJadU=
github.com/godicom-dev/golibjpeg v1.3.0/go.mod h1:i6eA5kZXzxv4ER8Lr60sFNmIrD5Z1MddgyI3LzXQ7x0=
github.com/godicom-dev/goopenjpeg v1.3.0 h1:B4GoJapBaRBD3bkxFyAIj/FDc2PFGli1PTvE2QQAw6o=
github.com/godicom-dev/goopenjpeg v1.3.0/go.mod h1:eaA++xUWUchTHzNGS7DxIh1rrLE31TI4uo7XJvVm9XY=
github.com/godicom-dev/gorle v1.0.1 h1:ThoepiBxcLYwLkF564c8zVTokPUk0rIVE8t1uHjuZNQ=
github.com/godicom-dev/gorle v1.0.1/go.mod h1:qj8CYFEf3Qf6gXGn2DGfTXVL6VZD52V6dOGN8gMUOcY=
golang.org/x/sys v0.46.0 h1:noSf2Fq6F8DBgS+LysIkx7rIExoNHJsxOAtPp4rthXw=
golang.org/x/sys v0.46.0/go.mod h1:4GL1E5IUh+htKOUEOaiffhrAeqysfVGipDYzABqnCmw=
golang.org/x/text v0.38.0 h1:sXmwo9DwP3OK9EZ7PqAdaooSGozfl/3a6/xJcbzPRhE=
golang.org/x/text v0.38.0/go.mod h1:YXZt3QhHUKYT53r2lLKFIVi6Ao1jdzrTR/KQ09qyxF4=
